<?xml version="1.0" encoding="utf-8"?>
<Project ToolsVersion="4.0" xmlns="http://schemas.microsoft.com/developer/msbuild/2003">
  <ItemGroup>
    <ClCompile Include="shrMultiShaderRenderer.cpp" />
    <ClCompile Include="shrAnimation.cpp">
      <Filter>Component\Animation</Filter>
    </ClCompile>
    <ClCompile Include="shrAnimator.cpp">
      <Filter>Component\Animation</Filter>
    </ClCompile>
    <ClCompile Include="shrApplication.cpp">
      <Filter>HighLevelInterface</Filter>
    </ClCompile>
    <ClCompile Include="shrComponent.cpp">
      <Filter>Component</Filter>
    </ClCompile>
    <ClCompile Include="shrCollisionManager.cpp">
      <Filter>Component\Collider</Filter>
    </ClCompile>
    <ClCompile Include="shrCollider.cpp">
      <Filter>Component\Collider</Filter>
    </ClCompile>
    <ClCompile Include="shrCollider2D.cpp">
      <Filter>Component\Collider\2D</Filter>
    </ClCompile>
    <ClCompile Include="shrCollider3D.cpp">
      <Filter>Component\Collider\3D</Filter>
    </ClCompile>
    <ClCompile Include="shrMeshRenderer.cpp">
      <Filter>Component\Renderer</Filter>
    </ClCompile>
    <ClCompile Include="shrSpriteRenderer.cpp">
      <Filter>Component\Renderer</Filter>
    </ClCompile>
    <ClCompile Include="shrCamera.cpp">
      <Filter>Component\Camera</Filter>
    </ClCompile>
    <ClCompile Include="shrMaterial.cpp">
      <Filter>Resources\Material</Filter>
    </ClCompile>
    <ClCompile Include="shrGameObject.cpp">
      <Filter>GameObject</Filter>
    </ClCompile>
    <ClCompile Include="shrUnitObject.cpp">
      <Filter>GameObject\Unit</Filter>
    </ClCompile>
    <ClCompile Include="shrUnitUI.cpp">
      <Filter>GameObject\Unit</Filter>
    </ClCompile>
    <ClCompile Include="shrCameraScript.cpp">
      <Filter>Script\functional</Filter>
    </ClCompile>
    <ClCompile Include="shrFadeInScript.cpp">
      <Filter>Script\functional</Filter>
    </ClCompile>
    <ClCompile Include="shrGridScript.cpp">
      <Filter>Script\functional</Filter>
    </ClCompile>
    <ClCompile Include="shrCharUIScirpt.cpp">
      <Filter>Script\Unit</Filter>
    </ClCompile>
    <ClCompile Include="shrMouseScript.cpp">
      <Filter>Script\functional</Filter>
    </ClCompile>
    <ClCompile Include="shrPlayerScript.cpp">
      <Filter>Script\Object</Filter>
    </ClCompile>
    <ClCompile Include="shrUnitScript.cpp">
      <Filter>Script\Unit</Filter>
    </ClCompile>
    <ClCompile Include="shrEntity.cpp">
      <Filter>Common</Filter>
    </ClCompile>
    <ClCompile Include="shrMath.cpp">
      <Filter>Common\math</Filter>
    </ClCompile>
    <ClCompile Include="shrTime.cpp">
      <Filter>Common\Time</Filter>
    </ClCompile>
    <ClCompile Include="shrInput.cpp">
      <Filter>Common\Input</Filter>
    </ClCompile>
    <ClCompile Include="shrMesh.cpp">
      <Filter>Resources\Mesh</Filter>
    </ClCompile>
    <ClCompile Include="shrGraphicDevice_DX11.cpp">
      <Filter>Graphics</Filter>
    </ClCompile>
    <ClCompile Include="shrConstantBuffer.cpp">
      <Filter>Graphics\Buffer</Filter>
    </ClCompile>
    <ClCompile Include="shrStructedBuffer.cpp">
      <Filter>Graphics\Buffer</Filter>
    </ClCompile>
    <ClCompile Include="shrLayer.cpp">
      <Filter>Scene</Filter>
    </ClCompile>
    <ClCompile Include="shrPrefab.cpp">
      <Filter>Resources\Prefab</Filter>
    </ClCompile>
    <ClCompile Include="shrScene.cpp">
      <Filter>Scene</Filter>
    </ClCompile>
    <ClCompile Include="shrSceneManager.cpp">
      <Filter>Scene</Filter>
    </ClCompile>
    <ClCompile Include="shrPlayScene.cpp">
      <Filter>Scene</Filter>
    </ClCompile>
    <ClCompile Include="shrResource.cpp">
      <Filter>Resources</Filter>
    </ClCompile>
    <ClCompile Include="shrNoiseShader.cpp">
      <Filter>Resources\Shader\CS</Filter>
    </ClCompile>
    <ClCompile Include="shrPaintShader.cpp">
      <Filter>Resources\Shader\CS</Filter>
    </ClCompile>
    <ClCompile Include="shrParticleShader.cpp">
      <Filter>Resources\Shader\CS</Filter>
    </ClCompile>
    <ClCompile Include="shrComputeShader.cpp">
      <Filter>Resources\Shader\CS\Base</Filter>
    </ClCompile>
    <ClCompile Include="shrResources.cpp">
      <Filter>Resources\Manager</Filter>
    </ClCompile>
    <ClCompile Include="shrShader.cpp">
      <Filter>Resources\Shader</Filter>
    </ClCompile>
    <ClCompile Include="shrTexture.cpp">
      <Filter>Resources\Texture</Filter>
    </ClCompile>
    <ClCompile Include="shrBaseRenderer.cpp">
      <Filter>Component\Renderer\Base</Filter>
    </ClCompile>
    <ClCompile Include="shrParticleSystem.cpp">
      <Filter>Component\Renderer\Particle</Filter>
    </ClCompile>
    <ClCompile Include="shrTransform.cpp">
      <Filter>Component\Transform</Filter>
    </ClCompile>
    <ClCompile Include="shrLight.cpp">
      <Filter>Component\Light</Filter>
    </ClCompile>
    <ClCompile Include="shrRenderer.cpp">
      <Filter>Renderer</Filter>
    </ClCompile>
    <ClCompile Include="shrScript.cpp">
      <Filter>Script</Filter>
    </ClCompile>
    <ClCompile Include="shrPlayerObject.cpp">
      <Filter>GameObject\Player</Filter>
    </ClCompile>
    <ClCompile Include="shrUnitState.cpp">
      <Filter>UnitSetting</Filter>
    </ClCompile>
    <ClCompile Include="shrUnitStatus.cpp">
      <Filter>UnitSetting</Filter>
    </ClCompile>
    <ClCompile Include="shrHero.cpp" />
    <ClCompile Include="shrBattleScene.cpp">
      <Filter>Scene\BattleScene</Filter>
    </ClCompile>
    <ClCompile Include="shrStoreScene.cpp">
      <Filter>Scene\StoreScene</Filter>
    </ClCompile>
    <ClCompile Include="shrTitleScene.cpp">
      <Filter>Scene\TitleScene</Filter>
    </ClCompile>
    <ClCompile Include="shrTestScene.cpp">
      <Filter>Scene\TestScene</Filter>
    </ClCompile>
    <ClCompile Include="shrTimerObject.cpp">
      <Filter>GameObject\UI\Timer</Filter>
    </ClCompile>
    <ClCompile Include="shrBattleScirpt.cpp">
      <Filter>Script\Scene</Filter>
    </ClCompile>
    <ClCompile Include="shrStoreScript.cpp">
      <Filter>Script\Scene</Filter>
    </ClCompile>
    <ClCompile Include="shrSceneInfo.cpp">
      <Filter>Scene</Filter>
    </ClCompile>
    <ClCompile Include="shrNumUI.cpp">
      <Filter>GameObject\UI\Num</Filter>
    </ClCompile>
    <ClCompile Include="shrBackgroundScene.cpp">
      <Filter>Scene\BackgroundScene</Filter>
    </ClCompile>
    <ClCompile Include="shrSettingScene.cpp">
      <Filter>Scene\SettingScene</Filter>
    </ClCompile>
    <ClCompile Include="shrFileSystem.cpp">
      <Filter>FileSystem</Filter>
    </ClCompile>
    <ClCompile Include="shrUIBase.cpp">
      <Filter>GameObject\UI</Filter>
    </ClCompile>
    <ClCompile Include="shrButtonUI.cpp">
      <Filter>GameObject\UI\Button</Filter>
    </ClCompile>
    <ClCompile Include="shrButtonScript.cpp">
      <Filter>Script\UI</Filter>
    </ClCompile>
    <ClCompile Include="shrBaseWidgetUI.cpp">
      <Filter>GameObject\UI\Widget</Filter>
    </ClCompile>
    <ClCompile Include="shrStageSelectScene.cpp">
      <Filter>Scene\StageSelectScene</Filter>
    </ClCompile>
    <ClCompile Include="shrStageIconObject.cpp">
      <Filter>GameObject\StageIcon</Filter>
    </ClCompile>
    <ClCompile Include="shrMouseObject.cpp">
      <Filter>GameObject</Filter>
    </ClCompile>
    <ClCompile Include="shrPlayer.cpp">
      <Filter>GameObject</Filter>
    </ClCompile>
    <ClCompile Include="shrMonster.cpp">
      <Filter>GameObject\etc</Filter>
    </ClCompile>
    <ClCompile Include="shrBullet.cpp">
      <Filter>GameObject\Effect</Filter>
    </ClCompile>
    <ClCompile Include="shrSkill.cpp">
      <Filter>GameObject\Effect</Filter>
    </ClCompile>
    <ClCompile Include="shrAnimationManager.cpp">
      <Filter>GameObject\Effect\Manager</Filter>
    </ClCompile>
    <ClCompile Include="shrCloseSkill.cpp">
      <Filter>GameObject\Effect</Filter>
    </ClCompile>
    <ClCompile Include="shrExplosionSkill.cpp">
      <Filter>GameObject\Effect</Filter>
    </ClCompile>
    <ClCompile Include="shrRaserSkill.cpp">
      <Filter>GameObject\Effect</Filter>
    </ClCompile>
    <ClCompile Include="shrFireSkill.cpp">
      <Filter>GameObject\Effect</Filter>
    </ClCompile>
    <ClCompile Include="shrSkillScript.cpp">
      <Filter>Script\Unit</Filter>
    </ClCompile>
  </ItemGroup>
  <ItemGroup>
    <ClInclude Include="shrMultiShaderRenderer.h" />
    <ClInclude Include="MouseMove.h" />
    <ClInclude Include="CommonInclude.h">
      <Filter>Common</Filter>
    </ClInclude>
    <ClInclude Include="..\External\DirectXTex\Include\DirectXTex.h">
      <Filter>Common</Filter>
    </ClInclude>
    <ClInclude Include="shrAnimation.h">
      <Filter>Component\Animation</Filter>
    </ClInclude>
    <ClInclude Include="shrAnimator.h">
      <Filter>Component\Animation</Filter>
    </ClInclude>
    <ClInclude Include="shrApplication.h">
      <Filter>HighLevelInterface</Filter>
    </ClInclude>
    <ClInclude Include="shrComponent.h">
      <Filter>Component</Filter>
    </ClInclude>
    <ClInclude Include="shrCollisionManager.h">
      <Filter>Component\Collider</Filter>
    </ClInclude>
    <ClInclude Include="shrCollider.h">
      <Filter>Component\Collider</Filter>
    </ClInclude>
    <ClInclude Include="shrCollider2D.h">
      <Filter>Component\Collider\2D</Filter>
    </ClInclude>
    <ClInclude Include="shrCollider3D.h">
      <Filter>Component\Collider\3D</Filter>
    </ClInclude>
    <ClInclude Include="shrMeshRenderer.h">
      <Filter>Component\Renderer</Filter>
    </ClInclude>
    <ClInclude Include="shrSpriteRenderer.h">
      <Filter>Component\Renderer</Filter>
    </ClInclude>
    <ClInclude Include="shrCamera.h">
      <Filter>Component\Camera</Filter>
    </ClInclude>
    <ClInclude Include="shrMaterial.h">
      <Filter>Resources\Material</Filter>
    </ClInclude>
    <ClInclude Include="shrGameObject.h">
      <Filter>GameObject</Filter>
    </ClInclude>
    <ClInclude Include="shrObject.h">
      <Filter>GameObject</Filter>
    </ClInclude>
    <ClInclude Include="shrUnitObject.h">
      <Filter>GameObject\Unit</Filter>
    </ClInclude>
    <ClInclude Include="shrUnitUI.h">
      <Filter>GameObject\Unit</Filter>
    </ClInclude>
    <ClInclude Include="shrCameraScript.h">
      <Filter>Script\functional</Filter>
    </ClInclude>
    <ClInclude Include="shrFadeInScript.h">
      <Filter>Script\functional</Filter>
    </ClInclude>
    <ClInclude Include="shrGridScript.h">
      <Filter>Script\functional</Filter>
    </ClInclude>
    <ClInclude Include="shrCharUIScirpt.h">
      <Filter>Script\Unit</Filter>
    </ClInclude>
    <ClInclude Include="shrMouseScript.h">
      <Filter>Script\functional</Filter>
    </ClInclude>
    <ClInclude Include="shrPlayerScript.h">
      <Filter>Script\Object</Filter>
    </ClInclude>
    <ClInclude Include="shrUnitScript.h">
      <Filter>Script\Unit</Filter>
    </ClInclude>
    <ClInclude Include="shrEntity.h">
      <Filter>Common</Filter>
    </ClInclude>
    <ClInclude Include="shrEnums.h">
      <Filter>Common</Filter>
    </ClInclude>
    <ClInclude Include="shrEngine.h">
      <Filter>Common</Filter>
    </ClInclude>
    <ClInclude Include="shrMath.h">
      <Filter>Common\math</Filter>
    </ClInclude>
    <ClInclude Include="shrTime.h">
      <Filter>Common\Time</Filter>
    </ClInclude>
    <ClInclude Include="shrInput.h">
      <Filter>Common\Input</Filter>
    </ClInclude>
    <ClInclude Include="shrMesh.h">
      <Filter>Resources\Mesh</Filter>
    </ClInclude>
    <ClInclude Include="shrGraphicDevice_DX11.h">
      <Filter>Graphics</Filter>
    </ClInclude>
    <ClInclude Include="shrGraphics.h">
      <Filter>Graphics</Filter>
    </ClInclude>
    <ClInclude Include="shrConstantBuffer.h">
      <Filter>Graphics\Buffer</Filter>
    </ClInclude>
    <ClInclude Include="shrStructedBuffer.h">
      <Filter>Graphics\Buffer</Filter>
    </ClInclude>
    <ClInclude Include="shrLayer.h">
      <Filter>Scene</Filter>
    </ClInclude>
    <ClInclude Include="shrPrefab.h">
      <Filter>Resources\Prefab</Filter>
    </ClInclude>
    <ClInclude Include="shrScene.h">
      <Filter>Scene</Filter>
    </ClInclude>
    <ClInclude Include="shrSceneManager.h">
      <Filter>Scene</Filter>
    </ClInclude>
    <ClInclude Include="shrPlayScene.h">
      <Filter>Scene</Filter>
    </ClInclude>
    <ClInclude Include="shrResource.h">
      <Filter>Resources</Filter>
    </ClInclude>
    <ClInclude Include="shrNoiseShader.h">
      <Filter>Resources\Shader\CS</Filter>
    </ClInclude>
    <ClInclude Include="shrPaintShader.h">
      <Filter>Resources\Shader\CS</Filter>
    </ClInclude>
    <ClInclude Include="shrParticleShader.h">
      <Filter>Resources\Shader\CS</Filter>
    </ClInclude>
    <ClInclude Include="shrComputeShader.h">
      <Filter>Resources\Shader\CS\Base</Filter>
    </ClInclude>
    <ClInclude Include="shrResources.h">
      <Filter>Resources\Manager</Filter>
    </ClInclude>
    <ClInclude Include="shrShader.h">
      <Filter>Resources\Shader</Filter>
    </ClInclude>
    <ClInclude Include="shrTexture.h">
      <Filter>Resources\Texture</Filter>
    </ClInclude>
    <ClInclude Include="shrBaseRenderer.h">
      <Filter>Component\Renderer\Base</Filter>
    </ClInclude>
    <ClInclude Include="shrParticleSystem.h">
      <Filter>Component\Renderer\Particle</Filter>
    </ClInclude>
    <ClInclude Include="shrTransform.h">
      <Filter>Component\Transform</Filter>
    </ClInclude>
    <ClInclude Include="shrLight.h">
      <Filter>Component\Light</Filter>
    </ClInclude>
    <ClInclude Include="shrRenderer.h">
      <Filter>Renderer</Filter>
    </ClInclude>
    <ClInclude Include="shrScript.h">
      <Filter>Script</Filter>
    </ClInclude>
    <ClInclude Include="shrPlayerObject.h">
      <Filter>GameObject\Player</Filter>
    </ClInclude>
    <ClInclude Include="shrUnitState.h">
      <Filter>UnitSetting</Filter>
    </ClInclude>
    <ClInclude Include="shrUnitStatus.h">
      <Filter>UnitSetting</Filter>
    </ClInclude>
    <ClInclude Include="shrHero.h" />
    <ClInclude Include="shrBattleScene.h">
      <Filter>Scene\BattleScene</Filter>
    </ClInclude>
    <ClInclude Include="shrStoreScene.h">
      <Filter>Scene\StoreScene</Filter>
    </ClInclude>
    <ClInclude Include="shrTitleScene.h">
      <Filter>Scene\TitleScene</Filter>
    </ClInclude>
    <ClInclude Include="shrTestScene.h">
      <Filter>Scene\TestScene</Filter>
    </ClInclude>
    <ClInclude Include="shrTimerObject.h">
      <Filter>GameObject\UI\Timer</Filter>
    </ClInclude>
    <ClInclude Include="shrBattleScirpt.h">
      <Filter>Script\Scene</Filter>
    </ClInclude>
    <ClInclude Include="shrStoreScript.h">
      <Filter>Script\Scene</Filter>
    </ClInclude>
    <ClInclude Include="shrSceneInfo.h">
      <Filter>Scene</Filter>
    </ClInclude>
    <ClInclude Include="shrNumUI.h">
      <Filter>GameObject\UI\Num</Filter>
    </ClInclude>
    <ClInclude Include="shrUnitInfo.h">
      <Filter>UnitSetting</Filter>
    </ClInclude>
    <ClInclude Include="shrBackgroundScene.h">
      <Filter>Scene\BackgroundScene</Filter>
    </ClInclude>
    <ClInclude Include="shrSettingScene.h">
      <Filter>Scene\SettingScene</Filter>
    </ClInclude>
    <ClInclude Include="shrFileSystem.h">
      <Filter>FileSystem</Filter>
    </ClInclude>
    <ClInclude Include="shrUIBase.h">
      <Filter>GameObject\UI</Filter>
    </ClInclude>
    <ClInclude Include="shrButtonUI.h">
      <Filter>GameObject\UI\Button</Filter>
    </ClInclude>
    <ClInclude Include="shrButtonScript.h">
      <Filter>Script\UI</Filter>
    </ClInclude>
    <ClInclude Include="shrBaseWidgetUI.h">
      <Filter>GameObject\UI\Widget</Filter>
    </ClInclude>
    <ClInclude Include="shrStageSelectScene.h">
      <Filter>Scene\StageSelectScene</Filter>
    </ClInclude>
    <ClInclude Include="shrStageIconObject.h">
      <Filter>GameObject\StageIcon</Filter>
    </ClInclude>
    <ClInclude Include="shrMouseObject.h">
      <Filter>GameObject</Filter>
    </ClInclude>
    <ClInclude Include="shrPlayer.h">
      <Filter>GameObject</Filter>
    </ClInclude>
    <ClInclude Include="shrMonster.h">
      <Filter>GameObject\etc</Filter>
    </ClInclude>
    <ClInclude Include="shrSkill.h">
      <Filter>GameObject\Effect</Filter>
    </ClInclude>
    <ClInclude Include="shrBullet.h">
      <Filter>GameObject\Effect</Filter>
    </ClInclude>
    <ClInclude Include="shrAnimationManager.h">
      <Filter>GameObject\Effect\Manager</Filter>
    </ClInclude>
    <ClInclude Include="shrCloseSkill.h">
      <Filter>GameObject\Effect</Filter>
    </ClInclude>
    <ClInclude Include="shrExplosionSkill.h">
      <Filter>GameObject\Effect</Filter>
    </ClInclude>
    <ClInclude Include="shrRaserSkill.h">
      <Filter>GameObject\Effect</Filter>
    </ClInclude>
    <ClInclude Include="shrFireSkill.h">
      <Filter>GameObject\Effect</Filter>
    </ClInclude>
    <ClInclude Include="shrSkillScript.h">
      <Filter>Script\Unit</Filter>
    </ClInclude>
  </ItemGroup>
  <ItemGroup>
    <None Include="..\External\DirectXTex\Include\DirectXTex.inl">
      <Filter>Common</Filter>
    </None>
    <None Include="shrMath.inl">
      <Filter>Common\math</Filter>
    </None>
  </ItemGroup>
  <ItemGroup>
    <Filter Include="Common">
      <UniqueIdentifier>{7c4ddb4b-3f25-4bbf-b455-78f21a3b4422}</UniqueIdentifier>
    </Filter>
    <Filter Include="HighLevelInterface">
      <UniqueIdentifier>{28c27ad7-6d29-4bba-a153-1402307bbc76}</UniqueIdentifier>
    </Filter>
    <Filter Include="GameObject">
      <UniqueIdentifier>{a7a0e455-846c-4916-8dd2-ed30b9e3529c}</UniqueIdentifier>
    </Filter>
    <Filter Include="Component">
      <UniqueIdentifier>{52445008-233a-4f04-91be-b5503996b0f4}</UniqueIdentifier>
    </Filter>
    <Filter Include="Resources">
      <UniqueIdentifier>{180fc72c-af25-4cc0-b9fa-935f0e6e9b82}</UniqueIdentifier>
    </Filter>
    <Filter Include="Script">
      <UniqueIdentifier>{6e1b18fb-2766-4194-aca7-7a17a430fa70}</UniqueIdentifier>
    </Filter>
    <Filter Include="Renderer">
      <UniqueIdentifier>{a1f7f11a-877f-4f9a-9d5a-99dcdef1fc6b}</UniqueIdentifier>
    </Filter>
    <Filter Include="Graphics">
      <UniqueIdentifier>{7c7786aa-804d-4020-b615-8cb9db6bcf16}</UniqueIdentifier>
    </Filter>
    <Filter Include="Scene">
      <UniqueIdentifier>{af904b39-95e7-4a5a-940e-dd476831e320}</UniqueIdentifier>
    </Filter>
    <Filter Include="Component\Animation">
      <UniqueIdentifier>{eeaaef83-5fc8-4cf3-9aee-98efd9ed96eb}</UniqueIdentifier>
    </Filter>
    <Filter Include="Common\math">
      <UniqueIdentifier>{ae5e56fc-5086-487a-bb06-26e1929746d1}</UniqueIdentifier>
    </Filter>
    <Filter Include="Component\Renderer">
      <UniqueIdentifier>{9fddaa78-9a29-48a6-85d9-e296474d9f00}</UniqueIdentifier>
    </Filter>
    <Filter Include="Component\Collider">
      <UniqueIdentifier>{5b5f3d10-b297-4042-b5bc-3f1c96960c9a}</UniqueIdentifier>
    </Filter>
    <Filter Include="Component\Collider\3D">
      <UniqueIdentifier>{6aa303e9-4783-496d-b005-8aaba51d5097}</UniqueIdentifier>
    </Filter>
    <Filter Include="Component\Collider\2D">
      <UniqueIdentifier>{244c1551-ce3a-4a91-90d0-0aca23a936a8}</UniqueIdentifier>
    </Filter>
    <Filter Include="Component\Camera">
      <UniqueIdentifier>{33cd84c2-4950-4f9f-a028-4e55ac38bac4}</UniqueIdentifier>
    </Filter>
    <Filter Include="Component\Unit">
      <UniqueIdentifier>{4eb0ef5e-8e49-4857-b1be-b068b6092bc8}</UniqueIdentifier>
    </Filter>
    <Filter Include="GameObject\Unit">
      <UniqueIdentifier>{71212121-de05-458d-9511-29f83a5ebcb5}</UniqueIdentifier>
    </Filter>
    <Filter Include="GameObject\Effect">
      <UniqueIdentifier>{c87bf0de-4518-495e-b6b4-a29b79be8052}</UniqueIdentifier>
    </Filter>
    <Filter Include="GameObject\etc">
      <UniqueIdentifier>{e84c1f3e-7e1b-4b6c-8b10-cae21fcf9fbf}</UniqueIdentifier>
    </Filter>
    <Filter Include="Script\Unit">
      <UniqueIdentifier>{5668e280-ba2f-4196-ae96-e8937a308ab7}</UniqueIdentifier>
    </Filter>
    <Filter Include="Script\Object">
      <UniqueIdentifier>{16c271d1-6093-44dd-aa1c-0bf62985175a}</UniqueIdentifier>
    </Filter>
    <Filter Include="Script\functional">
      <UniqueIdentifier>{d52ac829-dd4c-4cb3-adda-5b750ad95c4c}</UniqueIdentifier>
    </Filter>
    <Filter Include="Common\Input">
      <UniqueIdentifier>{2db6b7a7-f111-499d-9fc4-59911b61deba}</UniqueIdentifier>
    </Filter>
    <Filter Include="Common\Time">
      <UniqueIdentifier>{a30a6f00-6454-4ca6-bac3-285443b0c2c0}</UniqueIdentifier>
    </Filter>
    <Filter Include="Resources\Shader">
      <UniqueIdentifier>{d64fb3d9-dfc3-417e-9f93-bda75b4a8f84}</UniqueIdentifier>
    </Filter>
    <Filter Include="Resources\Texture">
      <UniqueIdentifier>{5b9407e5-e6ba-4e54-8d9d-e8149f058304}</UniqueIdentifier>
    </Filter>
    <Filter Include="Resources\Mesh">
      <UniqueIdentifier>{cb6a9b59-e281-494e-bada-a4d3fb9bc0c5}</UniqueIdentifier>
    </Filter>
    <Filter Include="Resources\Material">
      <UniqueIdentifier>{386dab9a-bdc9-4f83-bde8-491aad7c2298}</UniqueIdentifier>
    </Filter>
    <Filter Include="Resources\Prefab">
      <UniqueIdentifier>{c2d54bbd-8c2a-4f49-b59a-6571810acc23}</UniqueIdentifier>
    </Filter>
    <Filter Include="Graphics\Buffer">
      <UniqueIdentifier>{2d8743de-ee0e-44c0-b3cc-e5ed42983418}</UniqueIdentifier>
    </Filter>
    <Filter Include="Resources\Manager">
      <UniqueIdentifier>{12136506-f68a-4631-a4ab-4b6a4fd3bef0}</UniqueIdentifier>
    </Filter>
    <Filter Include="Resources\Shader\CS">
      <UniqueIdentifier>{721d0736-e124-4332-bdd3-2fb85f9ec45f}</UniqueIdentifier>
    </Filter>
    <Filter Include="Resources\Shader\CS\Base">
      <UniqueIdentifier>{3a7dd05f-bd8d-4e7b-be81-960bfc8d0bba}</UniqueIdentifier>
    </Filter>
    <Filter Include="Component\Renderer\Particle">
      <UniqueIdentifier>{cad85381-1ef2-44e6-b372-bf11fc22966e}</UniqueIdentifier>
    </Filter>
    <Filter Include="Component\Renderer\Base">
      <UniqueIdentifier>{4b973a79-cccc-41b1-85b5-b446f3487339}</UniqueIdentifier>
    </Filter>
    <Filter Include="Component\Transform">
      <UniqueIdentifier>{41ca489d-5d5f-4191-9228-1f933d67779d}</UniqueIdentifier>
    </Filter>
    <Filter Include="Component\Light">
      <UniqueIdentifier>{75b3ff04-5f03-4b21-87d1-742b575b1a51}</UniqueIdentifier>
    </Filter>
    <Filter Include="GameObject\Player">
      <UniqueIdentifier>{847f347b-a8e4-49f5-8e5e-56dc9cb55b27}</UniqueIdentifier>
    </Filter>
    <Filter Include="GameObject\Hero">
      <UniqueIdentifier>{75a48440-bd75-4445-87b5-7d26755daacb}</UniqueIdentifier>
    </Filter>
    <Filter Include="Scene\BattleScene">
      <UniqueIdentifier>{1bae151e-a50d-46a6-86a3-a60a287e1cd6}</UniqueIdentifier>
    </Filter>
    <Filter Include="Scene\StoreScene">
      <UniqueIdentifier>{6b29ba6e-9d16-4a8a-adaa-31eb92c90397}</UniqueIdentifier>
    </Filter>
    <Filter Include="Scene\TitleScene">
      <UniqueIdentifier>{007e44f9-15ad-4407-9fa6-78eb28873300}</UniqueIdentifier>
    </Filter>
    <Filter Include="Scene\TestScene">
      <UniqueIdentifier>{82d80d2d-c952-4b32-aad0-21debbee4805}</UniqueIdentifier>
    </Filter>
    <Filter Include="GameObject\UI">
      <UniqueIdentifier>{408ef1bd-ea02-44cf-898c-df15007706c9}</UniqueIdentifier>
    </Filter>
    <Filter Include="GameObject\UI\Timer">
      <UniqueIdentifier>{b8ee25dd-095d-4f29-9514-1b5c4c8c6288}</UniqueIdentifier>
    </Filter>
    <Filter Include="Script\Scene">
      <UniqueIdentifier>{d021b6e9-88db-4851-994c-755b7f376de8}</UniqueIdentifier>
    </Filter>
    <Filter Include="UnitSetting">
      <UniqueIdentifier>{7b95bfef-62c4-42f8-bf64-47ea2df2b873}</UniqueIdentifier>
    </Filter>
    <Filter Include="GameObject\UI\Num">
      <UniqueIdentifier>{7ece96a6-b536-45b9-a36e-187084c89be8}</UniqueIdentifier>
    </Filter>
    <Filter Include="Scene\BackgroundScene">
      <UniqueIdentifier>{ea78e39f-26c8-411e-82fc-539931a99e31}</UniqueIdentifier>
    </Filter>
    <Filter Include="Scene\SettingScene">
      <UniqueIdentifier>{be34c2ec-e595-4454-94ad-7ac57f9d684c}</UniqueIdentifier>
    </Filter>
    <Filter Include="FileSystem">
      <UniqueIdentifier>{d1ef289f-f0fa-4a4b-8c71-8230e215c2f3}</UniqueIdentifier>
    </Filter>
    <Filter Include="GameObject\UI\Button">
      <UniqueIdentifier>{0e7a2033-1ae4-4cd1-a73c-28f664e35b13}</UniqueIdentifier>
    </Filter>
    <Filter Include="Script\UI">
      <UniqueIdentifier>{21d129ce-9f64-4e84-9396-f97da0151a27}</UniqueIdentifier>
    </Filter>
    <Filter Include="GameObject\UI\Widget">
      <UniqueIdentifier>{eb13aaa1-3636-4ab0-8682-cc820f894a10}</UniqueIdentifier>
    </Filter>
    <Filter Include="Scene\StageSelectScene">
      <UniqueIdentifier>{33db1969-5091-4c08-acc8-3d30a3b88477}</UniqueIdentifier>
    </Filter>
    <Filter Include="GameObject\StageIcon">
      <UniqueIdentifier>{abf9de5b-ed13-40a3-ba04-cf8a80710123}</UniqueIdentifier>
    </Filter>
    <Filter Include="GameObject\Effect\Manager">
      <UniqueIdentifier>{a999f51e-3cef-4b9f-9d9e-bed71534fde5}</UniqueIdentifier>
    </Filter>
  </ItemGroup>
</Project>